// !$*UTF8*$!
{
	archiveVersion = 1;
	classes = {
	};
	objectVersion = 46;
	objects = {

/* Begin PBXBuildFile section */
		51D7A98B1CCC8F6900ABD2B3 /* Constants.swift in Sources */ = {isa = PBXBuildFile; fileRef = 51D7A98A1CCC8F6900ABD2B3 /* Constants.swift */; };
		51F0D5A71CCBB52200C020C7 /* AppDelegate.swift in Sources */ = {isa = PBXBuildFile; fileRef = 51F0D5A61CCBB52200C020C7 /* AppDelegate.swift */; };
		51F0D5A91CCBB52200C020C7 /* GameScene.sks in Resources */ = {isa = PBXBuildFile; fileRef = 51F0D5A81CCBB52200C020C7 /* GameScene.sks */; };
		51F0D5AB1CCBB52200C020C7 /* GameScene.swift in Sources */ = {isa = PBXBuildFile; fileRef = 51F0D5AA1CCBB52200C020C7 /* GameScene.swift */; };
		51F0D5AD1CCBB52200C020C7 /* GameViewController.swift in Sources */ = {isa = PBXBuildFile; fileRef = 51F0D5AC1CCBB52200C020C7 /* GameViewController.swift */; };
		51F0D5B01CCBB52200C020C7 /* Main.storyboard in Resources */ = {isa = PBXBuildFile; fileRef = 51F0D5AE1CCBB52200C020C7 /* Main.storyboard */; };
		51F0D5B21CCBB52200C020C7 /* Assets.xcassets in Resources */ = {isa = PBXBuildFile; fileRef = 51F0D5B11CCBB52200C020C7 /* Assets.xcassets */; };
		51F0D5B51CCBB52200C020C7 /* LaunchScreen.storyboard in Resources */ = {isa = PBXBuildFile; fileRef = 51F0D5B31CCBB52200C020C7 /* LaunchScreen.storyboard */; };
		51F0D5CC1CCBD7A700C020C7 /* coin.wav in Resources */ = {isa = PBXBuildFile; fileRef = 51F0D5C71CCBD7A700C020C7 /* coin.wav */; };
		51F0D5CD1CCBD7A700C020C7 /* explosion.wav in Resources */ = {isa = PBXBuildFile; fileRef = 51F0D5C81CCBD7A700C020C7 /* explosion.wav */; };
		51F0D5CE1CCBD7A700C020C7 /* music.m4a in Resources */ = {isa = PBXBuildFile; fileRef = 51F0D5C91CCBD7A700C020C7 /* music.m4a */; };
		51F0D5CF1CCBD7A700C020C7 /* PlayerExplosion.sks in Resources */ = {isa = PBXBuildFile; fileRef = 51F0D5CA1CCBD7A700C020C7 /* PlayerExplosion.sks */; };
		51F0D5D01CCBD7A700C020C7 /* spark.png in Resources */ = {isa = PBXBuildFile; fileRef = 51F0D5CB1CCBD7A700C020C7 /* spark.png */; };
/* End PBXBuildFile section */

/* Begin PBXFileReference section */
		51D7A98A1CCC8F6900ABD2B3 /* Constants.swift */ = {isa = PBXFileReference; fileEncoding = 4; lastKnownFileType = sourcecode.swift; name = Constants.swift; path = ../Constants.swift; sourceTree = "<group>"; };
		51F0D5A31CCBB52200C020C7 /* AvoidAsteroids.app */ = {isa = PBXFileReference; explicitFileType = wrapper.application; includeInIndex = 0; path = AvoidAsteroids.app; sourceTree = BUILT_PRODUCTS_DIR; };
		51F0D5A61CCBB52200C020C7 /* AppDelegate.swift */ = {isa = PBXFileReference; lastKnownFileType = sourcecode.swift; path = AppDelegate.swift; sourceTree = "<group>"; };
		51F0D5A81CCBB52200C020C7 /* GameScene.sks */ = {isa = PBXFileReference; lastKnownFileType = file.sks; path = GameScene.sks; sourceTree = "<group>"; };
		51F0D5AA1CCBB52200C020C7 /* GameScene.swift */ = {isa = PBXFileReference; lastKnownFileType = sourcecode.swift; path = GameScene.swift; sourceTree = "<group>"; };
		51F0D5AC1CCBB52200C020C7 /* GameViewController.swift */ = {isa = PBXFileReference; lastKnownFileType = sourcecode.swift; path = GameViewController.swift; sourceTree = "<group>"; };
		51F0D5AF1CCBB52200C020C7 /* Base */ = {isa = PBXFileReference; lastKnownFileType = file.storyboard; name = Base; path = Base.lproj/Main.storyboard; sourceTree = "<group>"; };
		51F0D5B11CCBB52200C020C7 /* Assets.xcassets */ = {isa = PBXFileReference; lastKnownFileType = folder.assetcatalog; path = Assets.xcassets; sourceTree = "<group>"; };
		51F0D5B41CCBB52200C020C7 /* Base */ = {isa = PBXFileReference; lastKnownFileType = file.storyboard; name = Base; path = Base.lproj/LaunchScreen.storyboard; sourceTree = "<group>"; };
		51F0D5B61CCBB52200C020C7 /* Info.plist */ = {isa = PBXFileReference; lastKnownFileType = text.plist.xml; path = Info.plist; sourceTree = "<group>"; };
		51F0D5C71CCBD7A700C020C7 /* coin.wav */ = {isa = PBXFileReference; lastKnownFileType = audio.wav; name = coin.wav; path = Contents/coin.wav; sourceTree = "<group>"; };
		51F0D5C81CCBD7A700C020C7 /* explosion.wav */ = {isa = PBXFileReference; lastKnownFileType = audio.wav; name = explosion.wav; path = Contents/explosion.wav; sourceTree = "<group>"; };
		51F0D5C91CCBD7A700C020C7 /* music.m4a */ = {isa = PBXFileReference; lastKnownFileType = file; name = music.m4a; path = Contents/music.m4a; sourceTree = "<group>"; };
		51F0D5CA1CCBD7A700C020C7 /* PlayerExplosion.sks */ = {isa = PBXFileReference; lastKnownFileType = file.sks; name = PlayerExplosion.sks; path = Contents/PlayerExplosion.sks; sourceTree = "<group>"; };
		51F0D5CB1CCBD7A700C020C7 /* spark.png */ = {isa = PBXFileReference; lastKnownFileType = image.png; name = spark.png; path = Contents/spark.png; sourceTree = "<group>"; };
/* End PBXFileReference section */

/* Begin PBXFrameworksBuildPhase section */
		51F0D5A01CCBB52200C020C7 /* Frameworks */ = {
			isa = PBXFrameworksBuildPhase;
			buildActionMask = 2147483647;
			files = (
			);
			runOnlyForDeploymentPostprocessing = 0;
		};
/* End PBXFrameworksBuildPhase section */

/* Begin PBXGroup section */
		51F0D59A1CCBB52200C020C7 = {
			isa = PBXGroup;
			children = (
				51F0D5A51CCBB52200C020C7 /* AvoidAsteroids */,
				51F0D5A41CCBB52200C020C7 /* Products */,
			);
			sourceTree = "<group>";
		};
		51F0D5A41CCBB52200C020C7 /* Products */ = {
			isa = PBXGroup;
			children = (
				51F0D5A31CCBB52200C020C7 /* AvoidAsteroids.app */,
			);
			name = Products;
			sourceTree = "<group>";
		};
		51F0D5A51CCBB52200C020C7 /* AvoidAsteroids */ = {
			isa = PBXGroup;
			children = (
				51D7A98A1CCC8F6900ABD2B3 /* Constants.swift */,
				51F0D5BC1CCBB54900C020C7 /* Contents */,
				51F0D5A61CCBB52200C020C7 /* AppDelegate.swift */,
				51F0D5A81CCBB52200C020C7 /* GameScene.sks */,
				51F0D5AA1CCBB52200C020C7 /* GameScene.swift */,
				51F0D5AC1CCBB52200C020C7 /* GameViewController.swift */,
				51F0D5AE1CCBB52200C020C7 /* Main.storyboard */,
				51F0D5B11CCBB52200C020C7 /* Assets.xcassets */,
				51F0D5B31CCBB52200C020C7 /* LaunchScreen.storyboard */,
				51F0D5B61CCBB52200C020C7 /* Info.plist */,
			);
			path = AvoidAsteroids;
			sourceTree = "<group>";
		};
		51F0D5BC1CCBB54900C020C7 /* Contents */ = {
			isa = PBXGroup;
			children = (
				51F0D5C71CCBD7A700C020C7 /* coin.wav */,
				51F0D5C81CCBD7A700C020C7 /* explosion.wav */,
				51F0D5C91CCBD7A700C020C7 /* music.m4a */,
				51F0D5CA1CCBD7A700C020C7 /* PlayerExplosion.sks */,
				51F0D5CB1CCBD7A700C020C7 /* spark.png */,
			);
			name = Contents;
			sourceTree = "<group>";
		};
/* End PBXGroup section */

/* Begin PBXNativeTarget section */
		51F0D5A21CCBB52200C020C7 /* AvoidAsteroids */ = {
			isa = PBXNativeTarget;
			buildConfigurationList = 51F0D5B91CCBB52200C020C7 /* Build configuration list for PBXNativeTarget "AvoidAsteroids" */;
			buildPhases = (
				51F0D59F1CCBB52200C020C7 /* Sources */,
				51F0D5A01CCBB52200C020C7 /* Frameworks */,
				51F0D5A11CCBB52200C020C7 /* Resources */,
			);
			buildRules = (
			);
			dependencies = (
			);
			name = AvoidAsteroids;
			productName = AvoidAsteroids;
			productReference = 51F0D5A31CCBB52200C020C7 /* AvoidAsteroids.app */;
			productType = "com.apple.product-type.application";
		};
/* End PBXNativeTarget section */

/* Begin PBXProject section */
		51F0D59B1CCBB52200C020C7 /* Project object */ = {
			isa = PBXProject;
			attributes = {
				LastSwiftUpdateCheck = 0730;
				LastUpgradeCheck = 0730;
				ORGANIZATIONNAME = "Arnaud Pasquelin";
				TargetAttributes = {
					51F0D5A21CCBB52200C020C7 = {
						CreatedOnToolsVersion = 7.3;
						DevelopmentTeam = 73EWK3P636;
					};
				};
			};
			buildConfigurationList = 51F0D59E1CCBB52200C020C7 /* Build configuration list for PBXProject "AvoidAsteroids" */;
			compatibilityVersion = "Xcode 3.2";
			developmentRegion = English;
			hasScannedForEncodings = 0;
			knownRegions = (
				en,
				Base,
			);
			mainGroup = 51F0D59A1CCBB52200C020C7;
			productRefGroup = 51F0D5A41CCBB52200C020C7 /* Products */;
			projectDirPath = "";
			projectRoot = "";
			targets = (
				51F0D5A21CCBB52200C020C7 /* AvoidAsteroids */,
			);
		};
/* End PBXProject section */

/* Begin PBXResourcesBuildPhase section */
		51F0D5A11CCBB52200C020C7 /* Resources */ = {
			isa = PBXResourcesBuildPhase;
			buildActionMask = 2147483647;
			files = (
				51F0D5CF1CCBD7A700C020C7 /* PlayerExplosion.sks in Resources */,
				51F0D5D01CCBD7A700C020C7 /* spark.png in Resources */,
				51F0D5CD1CCBD7A700C020C7 /* explosion.wav in Resources */,
				51F0D5CE1CCBD7A700C020C7 /* music.m4a in Resources */,
				51F0D5CC1CCBD7A700C020C7 /* coin.wav in Resources */,
				51F0D5A91CCBB52200C020C7 /* GameScene.sks in Resources */,
				51F0D5B51CCBB52200C020C7 /* LaunchScreen.storyboard in Resources */,
				51F0D5B21CCBB52200C020C7 /* Assets.xcassets in Resources */,
				51F0D5B01CCBB52200C020C7 /* Main.storyboard in Resources */,
			);
			runOnlyForDeploymentPostprocessing = 0;
		};
/* End PBXResourcesBuildPhase section */

/* Begin PBXSourcesBuildPhase section */
		51F0D59F1CCBB52200C020C7 /* Sources */ = {
			isa = PBXSourcesBuildPhase;
			buildActionMask = 2147483647;
			files = (
				51F0D5AB1CCBB52200C020C7 /* GameScene.swift in Sources */,
				51F0D5AD1CCBB52200C020C7 /* GameViewController.swift in Sources */,
				51F0D5A71CCBB52200C020C7 /* AppDelegate.swift in Sources */,
				51D7A98B1CCC8F6900ABD2B3 /* Constants.swift in Sources */,
			);
			runOnlyForDeploymentPostprocessing = 0;
		};
/* End PBXSourcesBuildPhase section */

/* Begin PBXVariantGroup section */
		51F0D5AE1CCBB52200C020C7 /* Main.storyboard */ = {
			isa = PBXVariantGroup;
			children = (
				51F0D5AF1CCBB52200C020C7 /* Base */,
			);
			name = Main.storyboard;
			sourceTree = "<group>";
		};
		51F0D5B31CCBB52200C020C7 /* LaunchScreen.storyboard */ = {
			isa = PBXVariantGroup;
			children = (
				51F0D5B41CCBB52200C020C7 /* Base */,
			);
			name = LaunchScreen.storyboard;
			sourceTree = "<group>";
		};
/* End PBXVariantGroup section */

/* Begin XCBuildConfiguration section */
		51F0D5B71CCBB52200C020C7 /* Debug */ = {
			isa = XCBuildConfiguration;
			buildSettings = {
				ALWAYS_SEARCH_USER_PATHS = NO;
				CLANG_ANALYZER_NONNULL = YES;
				CLANG_CXX_LANGUAGE_STANDARD = "gnu++0x";
				CLANG_CXX_LIBRARY = "libc++";
				CLANG_ENABLE_MODULES = YES;
				CLANG_ENABLE_OBJC_ARC = YES;
				CLANG_WARN_BOOL_CONVERSION = YES;
				CLANG_WARN_CONSTANT_CONVERSION = YES;
				CLANG_WARN_DIRECT_OBJC_ISA_USAGE = YES_ERROR;
				CLANG_WARN_EMPTY_BODY = YES;
				CLANG_WARN_ENUM_CONVERSION = YES;
				CLANG_WARN_INT_CONVERSION = YES;
				CLANG_WARN_OBJC_ROOT_CLASS = YES_ERROR;
				CLANG_WARN_UNREACHABLE_CODE = YES;
				CLANG_WARN__DUPLICATE_METHOD_MATCH = YES;
				"CODE_SIGN_IDENTITY[sdk=iphoneos*]" = "iPhone Developer";
				COPY_PHASE_STRIP = NO;
				DEBUG_INFORMATION_FORMAT = "dwarf-with-dsym";
				ENABLE_STRICT_OBJC_MSGSEND = YES;
				ENABLE_TESTABILITY = YES;
				GCC_C_LANGUAGE_STANDARD = gnu99;
				GCC_DYNAMIC_NO_PIC = NO;
				GCC_NO_COMMON_BLOCKS = YES;
				GCC_OPTIMIZATION_LEVEL = 0;
				GCC_PREPROCESSOR_DEFINITIONS = (
					"DEBUG=1",
					"$(inherited)",
				);
				GCC_WARN_64_TO_32_BIT_CONVERSION = YES;
				GCC_WARN_ABOUT_RETURN_TYPE = YES_ERROR;
				GCC_WARN_UNDECLARED_SELECTOR = YES;
				GCC_WARN_UNINITIALIZED_AUTOS = YES_AGGRESSIVE;
				GCC_WARN_UNUSED_FUNCTION = YES;
				GCC_WARN_UNUSED_VARIABLE = YES;
				IPHONEOS_DEPLOYMENT_TARGET = 9.3;
				MTL_ENABLE_DEBUG_INFO = YES;
				ONLY_ACTIVE_ARCH = YES;
				SDKROOT = iphoneos;
				SWIFT_OPTIMIZATION_LEVEL = "-Onone";
				TARGETED_DEVICE_FAMILY = "1,2";
			};
			name = Debug;
		};
		51F0D5B81CCBB52200C020C7 /* Release */ = {
			isa = XCBuildConfiguration;
			buildSettings = {
				ALWAYS_SEARCH_USER_PATHS = NO;
				CLANG_ANALYZER_NONNULL = YES;
				CLANG_CXX_LANGUAGE_STANDARD = "gnu++0x";
				CLANG_CXX_LIBRARY = "libc++";
				CLANG_ENABLE_MODULES = YES;
				CLANG_ENABLE_OBJC_ARC = YES;
				CLANG_WARN_BOOL_CONVERSION = YES;
				CLANG_WARN_CONSTANT_CONVERSION = YES;
				CLANG_WARN_DIRECT_OBJC_ISA_USAGE = YES_ERROR;
				CLANG_WARN_EMPTY_BODY = YES;
				CLANG_WARN_ENUM_CONVERSION = YES;
				CLANG_WARN_INT_CONVERSION = YES;
				CLANG_WARN_OBJC_ROOT_CLASS = YES_ERROR;
				CLANG_WARN_UNREACHABLE_CODE = YES;
				CLANG_WARN__DUPLICATE_METHOD_MATCH = YES;
				"CODE_SIGN_IDENTITY[sdk=iphoneos*]" = "iPhone Developer";
				COPY_PHASE_STRIP = NO;
				DEBUG_INFORMATION_FORMAT = "dwarf-with-dsym";
				ENABLE_NS_ASSERTIONS = NO;
				ENABLE_STRICT_OBJC_MSGSEND = YES;
				GCC_C_LANGUAGE_STANDARD = gnu99;
				GCC_NO_COMMON_BLOCKS = YES;
				GCC_WARN_64_TO_32_BIT_CONVERSION = YES;
				GCC_WARN_ABOUT_RETURN_TYPE = YES_ERROR;
				GCC_WARN_UNDECLARED_SELECTOR = YES;
				GCC_WARN_UNINITIALIZED_AUTOS = YES_AGGRESSIVE;
				GCC_WARN_UNUSED_FUNCTION = YES;
				GCC_WARN_UNUSED_VARIABLE = YES;
				IPHONEOS_DEPLOYMENT_TARGET = 9.3;
				MTL_ENABLE_DEBUG_INFO = NO;
				SDKROOT = iphoneos;
				TARGETED_DEVICE_FAMILY = "1,2";
				VALIDATE_PRODUCT = YES;
			};
			name = Release;
		};
		51F0D5BA1CCBB52200C020C7 /* Debug */ = {
			isa = XCBuildConfiguration;
			buildSettings = {
				ASSETCATALOG_COMPILER_APPICON_NAME = AppIcon;
				INFOPLIST_FILE = AvoidAsteroids/Info.plist;
				IPHONEOS_DEPLOYMENT_TARGET = 9.0;
				LD_RUNPATH_SEARCH_PATHS = "$(inherited) @executable_path/Frameworks";
				PRODUCT_BUNDLE_IDENTIFIER = com.arnaud.pasquelin.AvoidAsteroids;
				PRODUCT_NAME = "$(TARGET_NAME)";
			};
			name = Debug;
		};
		51F0D5BB1CCBB52200C020C7 /* Release */ = {
			isa = XCBuildConfiguration;
			buildSettings = {
				ASSETCATALOG_COMPILER_APPICON_NAME = AppIcon;
				INFOPLIST_FILE = AvoidAsteroids/Info.plist;
				IPHONEOS_DEPLOYMENT_TARGET = 9.0;
				LD_RUNPATH_SEARCH_PATHS = "$(inherited) @executable_path/Frameworks";
				PRODUCT_BUNDLE_IDENTIFIER = com.arnaud.pasquelin.AvoidAsteroids;
				PRODUCT_NAME = "$(TARGET_NAME)";
			};
			name = Release;
		};
/* End XCBuildConfiguration section */

/* Begin XCConfigurationList section */
		51F0D59E1CCBB52200C020C7 /* Build configuration list for PBXProject "AvoidAsteroids" */ = {
			isa = XCConfigurationList;
			buildConfigurations = (
				51F0D5B71CCBB52200C020C7 /* Debug */,
				51F0D5B81CCBB52200C020C7 /* Release */,
			);
			defaultConfigurationIsVisible = 0;
			defaultConfigurationName = Release;
		};
		51F0D5B91CCBB52200C020C7 /* Build configuration list for PBXNativeTarget "AvoidAsteroids" */ = {
			isa = XCConfigurationList;
			buildConfigurations = (
				51F0D5BA1CCBB52200C020C7 /* Debug */,
				51F0D5BB1CCBB52200C020C7 /* Release */,
			);
			defaultConfigurationIsVisible = 0;
			defaultConfigurationName = Release;
		};
/* End XCConfigurationList section */
	};
	rootObject = 51F0D59B1CCBB52200C020C7 /* Project object */;
}
